
Microsoft Visual Studio Solution File, Format Version 12.00
# Visual Studio Version 17
VisualStudioVersion = 17.0.31912.275
MinimumVisualStudioVersion = 10.0.40219.1
Project("{FAE04EC0-301F-11D3-BF4B-00C04F79EFBC}") = "AprendendoGit", "AprendendoGit\AprendendoGit.csproj", "{045AA6B8-F291-4BAE-BCF3-7595A56E9EDD}"
EndProject
Global
	GlobalSection(SolutionConfigurationPlatforms) = preSolution
		Debug|Any CPU = Debug|Any CPU
		Release|Any CPU = Release|Any CPU
	EndGlobalSection
	GlobalSection(ProjectConfigurationPlatforms) = postSolution
		{045AA6B8-F291-4BAE-BCF3-7595A56E9EDD}.Debug|Any CPU.ActiveCfg = Debug|Any CPU
		{045AA6B8-F291-4BAE-BCF3-7595A56E9EDD}.Debug|Any CPU.Build.0 = Debug|Any CPU
		{045AA6B8-F291-4BAE-BCF3-7595A56E9EDD}.Release|Any CPU.ActiveCfg = Release|Any CPU
		{045AA6B8-F291-4BAE-BCF3-7595A56E9EDD}.Release|Any CPU.Build.0 = Release|Any CPU
	EndGlobalSection
	GlobalSection(SolutionProperties) = preSolution
		HideSolutionNode = FALSE
	EndGlobalSection
	GlobalSection(ExtensibilityGlobals) = postSolution
		SolutionGuid = {F79E3BF7-8AAF-4C61-B559-936EF1A60399}
	EndGlobalSection
EndGlobal
